
Microsoft Visual Studio Solution File, Format Version 12.00
# Visual Studio Version 16
VisualStudioVersion = 25.0.1703.0
MinimumVisualStudioVersion = 10.0.40219.1
Project("{FAE04EC0-301F-11D3-BF4B-00C04F79EFBC}") = "BookPublication.API", "BookPublication.API\BookPublication.API.csproj", "{FCA3B707-A4C7-48F9-90A6-1F05DEB12E97}"
EndProject
Global
	GlobalSection(SolutionConfigurationPlatforms) = preSolution
		Debug|Any CPU = Debug|Any CPU
		Release|Any CPU = Release|Any CPU
	EndGlobalSection
	GlobalSection(ProjectConfigurationPlatforms) = postSolution
		{FCA3B707-A4C7-48F9-90A6-1F05DEB12E97}.Debug|Any CPU.ActiveCfg = Debug|Any CPU
		{FCA3B707-A4C7-48F9-90A6-1F05DEB12E97}.Debug|Any CPU.Build.0 = Debug|Any CPU
		{FCA3B707-A4C7-48F9-90A6-1F05DEB12E97}.Release|Any CPU.ActiveCfg = Release|Any CPU
		{FCA3B707-A4C7-48F9-90A6-1F05DEB12E97}.Release|Any CPU.Build.0 = Release|Any CPU
	EndGlobalSection
	GlobalSection(SolutionProperties) = preSolution
		HideSolutionNode = FALSE
	EndGlobalSection
	GlobalSection(ExtensibilityGlobals) = postSolution
		SolutionGuid = {9D633E32-F3BC-49BD-B30A-D9D8881D182A}
	EndGlobalSection
EndGlobal
